
Microsoft Visual Studio Solution File, Format Version 12.00
# Visual Studio Version 17
VisualStudioVersion = 17.11.35327.3
MinimumVisualStudioVersion = 10.0.40219.1
Project("{FAE04EC0-301F-11D3-BF4B-00C04F79EFBC}") = "ProaServer", "ProaServer\ProaServer.csproj", "{2BCA5AAF-2FE5-448F-A38C-4F34D8EA3BEF}"
EndProject
Global
	GlobalSection(SolutionConfigurationPlatforms) = preSolution
		Debug|Any CPU = Debug|Any CPU
		Release|Any CPU = Release|Any CPU
	EndGlobalSection
	GlobalSection(ProjectConfigurationPlatforms) = postSolution
		{2BCA5AAF-2FE5-448F-A38C-4F34D8EA3BEF}.Debug|Any CPU.ActiveCfg = Debug|Any CPU
		{2BCA5AAF-2FE5-448F-A38C-4F34D8EA3BEF}.Debug|Any CPU.Build.0 = Debug|Any CPU
		{2BCA5AAF-2FE5-448F-A38C-4F34D8EA3BEF}.Release|Any CPU.ActiveCfg = Release|Any CPU
		{2BCA5AAF-2FE5-448F-A38C-4F34D8EA3BEF}.Release|Any CPU.Build.0 = Release|Any CPU
	EndGlobalSection
	GlobalSection(SolutionProperties) = preSolution
		HideSolutionNode = FALSE
	EndGlobalSection
	GlobalSection(ExtensibilityGlobals) = postSolution
		SolutionGuid = {05B6E887-D3E7-4B69-BCF2-C4C490692D9E}
	EndGlobalSection
EndGlobal
